// !$*UTF8*$!
{
	archiveVersion = 1;
	classes = {
	};
	objectVersion = 51;
	objects = {

/* Begin PBXBuildFile section */
		9BA195498F15BA951F480085 /* Pods_ScreenFree.framework in Frameworks */ = {isa = PBXBuildFile; fileRef = F2C5835988A10B2DA54B44E5 /* Pods_ScreenFree.framework */; };
		A124F75C22AA9D9E00136705 /* blockerList.json in Resources */ = {isa = PBXBuildFile; fileRef = A124F75B22AA9D9E00136705 /* blockerList.json */; };
		A124F75E22AA9D9E00136705 /* ContentBlockerRequestHandler.swift in Sources */ = {isa = PBXBuildFile; fileRef = A124F75D22AA9D9E00136705 /* ContentBlockerRequestHandler.swift */; };
		A124F76222AA9D9E00136705 /* ContentBlocker.appex in Embed App Extensions */ = {isa = PBXBuildFile; fileRef = A124F75922AA9D9E00136705 /* ContentBlocker.appex */; settings = {ATTRIBUTES = (RemoveHeadersOnCopy, ); }; };
		A124F78222AACECA00136705 /* customBlockerList.json in Resources */ = {isa = PBXBuildFile; fileRef = A124F78122AACEC900136705 /* customBlockerList.json */; };
		A124F78322AACECA00136705 /* customBlockerList.json in Resources */ = {isa = PBXBuildFile; fileRef = A124F78122AACEC900136705 /* customBlockerList.json */; };
		A15C15B822A1812500405E44 /* AppDelegate.swift in Sources */ = {isa = PBXBuildFile; fileRef = A15C15B722A1812500405E44 /* AppDelegate.swift */; };
		A15C15BF22A1812500405E44 /* Main.storyboard in Resources */ = {isa = PBXBuildFile; fileRef = A15C15BD22A1812500405E44 /* Main.storyboard */; };
		A15C15C122A1812500405E44 /* Assets.xcassets in Resources */ = {isa = PBXBuildFile; fileRef = A15C15C022A1812500405E44 /* Assets.xcassets */; };
		A15C15C422A1812500405E44 /* LaunchScreen.storyboard in Resources */ = {isa = PBXBuildFile; fileRef = A15C15C222A1812500405E44 /* LaunchScreen.storyboard */; };
		A15C15CF22A1812600405E44 /* ScreenFreeTests.swift in Sources */ = {isa = PBXBuildFile; fileRef = A15C15CE22A1812600405E44 /* ScreenFreeTests.swift */; };
		A15C15DA22A1812600405E44 /* ScreenFreeUITests.swift in Sources */ = {isa = PBXBuildFile; fileRef = A15C15D922A1812600405E44 /* ScreenFreeUITests.swift */; };
		A18B834022A48503006C6B48 /* UserDetailTableViewController.swift in Sources */ = {isa = PBXBuildFile; fileRef = A18B833F22A48502006C6B48 /* UserDetailTableViewController.swift */; };
		A19000D922A324920080D43B /* AWSUserPoolsSignIn.framework in Frameworks */ = {isa = PBXBuildFile; fileRef = A19000D822A324920080D43B /* AWSUserPoolsSignIn.framework */; };
		A191859622A1897D00E835C5 /* awsconfiguration.json in Resources */ = {isa = PBXBuildFile; fileRef = A191859522A1897D00E835C5 /* awsconfiguration.json */; };
		A1ADF55822A2098F0097995A /* SignUpViewController.swift in Sources */ = {isa = PBXBuildFile; fileRef = A1ADF55722A2098F0097995A /* SignUpViewController.swift */; };
		A1ADF55A22A209D90097995A /* SignInViewController.swift in Sources */ = {isa = PBXBuildFile; fileRef = A1ADF55922A209D90097995A /* SignInViewController.swift */; };
		A1ADF56022A238E60097995A /* ConfirmSignUpViewController.swift in Sources */ = {isa = PBXBuildFile; fileRef = A1ADF55F22A238E60097995A /* ConfirmSignUpViewController.swift */; };
		A1ADF56222A239080097995A /* Constants.swift in Sources */ = {isa = PBXBuildFile; fileRef = A1ADF56122A239080097995A /* Constants.swift */; };
		A1B8E50B22AC7C9800043BD0 /* UserWebsitesBlocked.swift in Sources */ = {isa = PBXBuildFile; fileRef = A1B8E50A22AC7C9700043BD0 /* UserWebsitesBlocked.swift */; };
		A1B8E50D22AC8DB500043BD0 /* mainWebsiteBlockViewController.swift in Sources */ = {isa = PBXBuildFile; fileRef = A1B8E50C22AC8DB500043BD0 /* mainWebsiteBlockViewController.swift */; };
		A1B8E50F22AC98C100043BD0 /* sendWebsiteViewController.swift in Sources */ = {isa = PBXBuildFile; fileRef = A1B8E50E22AC98C100043BD0 /* sendWebsiteViewController.swift */; };
		B2F1513F463D5F7E00D1F1AB /* Pods_ScreenFreeTests.framework in Frameworks */ = {isa = PBXBuildFile; fileRef = 638B35A4B9A7AB7F2F67E07A /* Pods_ScreenFreeTests.framework */; };
		B825A04E1C99FCB570E025E1 /* Pods_ScreenFreeUITests.framework in Frameworks */ = {isa = PBXBuildFile; fileRef = 99D38BB9C2CB6CC2AF6300AB /* Pods_ScreenFreeUITests.framework */; };
/* End PBXBuildFile section */

/* Begin PBXContainerItemProxy section */
		A124F76022AA9D9E00136705 /* PBXContainerItemProxy */ = {
			isa = PBXContainerItemProxy;
			containerPortal = A15C15AC22A1812500405E44 /* Project object */;
			proxyType = 1;
			remoteGlobalIDString = A124F75822AA9D9E00136705;
			remoteInfo = ContentBlocker;
		};
		A15C15CB22A1812600405E44 /* PBXContainerItemProxy */ = {
			isa = PBXContainerItemProxy;
			containerPortal = A15C15AC22A1812500405E44 /* Project object */;
			proxyType = 1;
			remoteGlobalIDString = A15C15B322A1812500405E44;
			remoteInfo = ScreenFree;
		};
		A15C15D622A1812600405E44 /* PBXContainerItemProxy */ = {
			isa = PBXContainerItemProxy;
			containerPortal = A15C15AC22A1812500405E44 /* Project object */;
			proxyType = 1;
			remoteGlobalIDString = A15C15B322A1812500405E44;
			remoteInfo = ScreenFree;
		};
/* End PBXContainerItemProxy section */

/* Begin PBXCopyFilesBuildPhase section */
		A124F76622AA9D9E00136705 /* Embed App Extensions */ = {
			isa = PBXCopyFilesBuildPhase;
			buildActionMask = 2147483647;
			dstPath = "";
			dstSubfolderSpec = 13;
			files = (
				A124F76222AA9D9E00136705 /* ContentBlocker.appex in Embed App Extensions */,
			);
			name = "Embed App Extensions";
			runOnlyForDeploymentPostprocessing = 0;
		};
/* End PBXCopyFilesBuildPhase section */

/* Begin PBXFileReference section */
		101C9846F2F00A4AA9F9BD8C /* Pods-ScreenFreeUITests.debug.xcconfig */ = {isa = PBXFileReference; includeInIndex = 1; lastKnownFileType = text.xcconfig; name = "Pods-ScreenFreeUITests.debug.xcconfig"; path = "Target Support Files/Pods-ScreenFreeUITests/Pods-ScreenFreeUITests.debug.xcconfig"; sourceTree = "<group>"; };
		3D592502F34632545009D851 /* Pods-ScreenFreeTests.release.xcconfig */ = {isa = PBXFileReference; includeInIndex = 1; lastKnownFileType = text.xcconfig; name = "Pods-ScreenFreeTests.release.xcconfig"; path = "Target Support Files/Pods-ScreenFreeTests/Pods-ScreenFreeTests.release.xcconfig"; sourceTree = "<group>"; };
		638B35A4B9A7AB7F2F67E07A /* Pods_ScreenFreeTests.framework */ = {isa = PBXFileReference; explicitFileType = wrapper.framework; includeInIndex = 0; path = Pods_ScreenFreeTests.framework; sourceTree = BUILT_PRODUCTS_DIR; };
		6B6BE8CA659FEF8C52F68C7B /* Target Support Files/Pods-ScreenFree/Pods-ScreenFree.debug.xcconfig */ = {isa = PBXFileReference; includeInIndex = 1; lastKnownFileType = text.xcconfig; path = "Target Support Files/Pods-ScreenFree/Pods-ScreenFree.debug.xcconfig"; sourceTree = "<group>"; };
		99D38BB9C2CB6CC2AF6300AB /* Pods_ScreenFreeUITests.framework */ = {isa = PBXFileReference; explicitFileType = wrapper.framework; includeInIndex = 0; path = Pods_ScreenFreeUITests.framework; sourceTree = BUILT_PRODUCTS_DIR; };
		A124F75922AA9D9E00136705 /* ContentBlocker.appex */ = {isa = PBXFileReference; explicitFileType = "wrapper.app-extension"; includeInIndex = 0; path = ContentBlocker.appex; sourceTree = BUILT_PRODUCTS_DIR; };
		A124F75B22AA9D9E00136705 /* blockerList.json */ = {isa = PBXFileReference; lastKnownFileType = text.json; path = blockerList.json; sourceTree = "<group>"; };
		A124F75D22AA9D9E00136705 /* ContentBlockerRequestHandler.swift */ = {isa = PBXFileReference; lastKnownFileType = sourcecode.swift; path = ContentBlockerRequestHandler.swift; sourceTree = "<group>"; };
		A124F75F22AA9D9E00136705 /* Info.plist */ = {isa = PBXFileReference; lastKnownFileType = text.plist.xml; path = Info.plist; sourceTree = "<group>"; };
		A124F76722AAAC7C00136705 /* ScreenFree.entitlements */ = {isa = PBXFileReference; lastKnownFileType = text.plist.entitlements; path = ScreenFree.entitlements; sourceTree = "<group>"; };
		A124F76822AAACC200136705 /* ContentBlocker.entitlements */ = {isa = PBXFileReference; lastKnownFileType = text.plist.entitlements; path = ContentBlocker.entitlements; sourceTree = "<group>"; };
		A124F78122AACEC900136705 /* customBlockerList.json */ = {isa = PBXFileReference; fileEncoding = 4; lastKnownFileType = text.json; path = customBlockerList.json; sourceTree = "<group>"; };
		A15C15B422A1812500405E44 /* ScreenFree.app */ = {isa = PBXFileReference; explicitFileType = wrapper.application; includeInIndex = 0; path = ScreenFree.app; sourceTree = BUILT_PRODUCTS_DIR; };
		A15C15B722A1812500405E44 /* AppDelegate.swift */ = {isa = PBXFileReference; lastKnownFileType = sourcecode.swift; path = AppDelegate.swift; sourceTree = "<group>"; };
		A15C15BE22A1812500405E44 /* Base */ = {isa = PBXFileReference; lastKnownFileType = file.storyboard; name = Base; path = Base.lproj/Main.storyboard; sourceTree = "<group>"; };
		A15C15C022A1812500405E44 /* Assets.xcassets */ = {isa = PBXFileReference; lastKnownFileType = folder.assetcatalog; path = Assets.xcassets; sourceTree = "<group>"; };
		A15C15C322A1812500405E44 /* Base */ = {isa = PBXFileReference; lastKnownFileType = file.storyboard; name = Base; path = Base.lproj/LaunchScreen.storyboard; sourceTree = "<group>"; };
		A15C15C522A1812500405E44 /* Info.plist */ = {isa = PBXFileReference; lastKnownFileType = text.plist.xml; path = Info.plist; sourceTree = "<group>"; };
		A15C15CA22A1812600405E44 /* ScreenFreeTests.xctest */ = {isa = PBXFileReference; explicitFileType = wrapper.cfbundle; includeInIndex = 0; path = ScreenFreeTests.xctest; sourceTree = BUILT_PRODUCTS_DIR; };
		A15C15CE22A1812600405E44 /* ScreenFreeTests.swift */ = {isa = PBXFileReference; lastKnownFileType = sourcecode.swift; path = ScreenFreeTests.swift; sourceTree = "<group>"; };
		A15C15D022A1812600405E44 /* Info.plist */ = {isa = PBXFileReference; lastKnownFileType = text.plist.xml; path = Info.plist; sourceTree = "<group>"; };
		A15C15D522A1812600405E44 /* ScreenFreeUITests.xctest */ = {isa = PBXFileReference; explicitFileType = wrapper.cfbundle; includeInIndex = 0; path = ScreenFreeUITests.xctest; sourceTree = BUILT_PRODUCTS_DIR; };
		A15C15D922A1812600405E44 /* ScreenFreeUITests.swift */ = {isa = PBXFileReference; lastKnownFileType = sourcecode.swift; path = ScreenFreeUITests.swift; sourceTree = "<group>"; };
		A15C15DB22A1812600405E44 /* Info.plist */ = {isa = PBXFileReference; lastKnownFileType = text.plist.xml; path = Info.plist; sourceTree = "<group>"; };
		A18B833F22A48502006C6B48 /* UserDetailTableViewController.swift */ = {isa = PBXFileReference; fileEncoding = 4; lastKnownFileType = sourcecode.swift; path = UserDetailTableViewController.swift; sourceTree = "<group>"; };
		A19000D822A324920080D43B /* AWSUserPoolsSignIn.framework */ = {isa = PBXFileReference; explicitFileType = wrapper.framework; path = AWSUserPoolsSignIn.framework; sourceTree = BUILT_PRODUCTS_DIR; };
		A191859522A1897D00E835C5 /* awsconfiguration.json */ = {isa = PBXFileReference; fileEncoding = 4; lastKnownFileType = text.json; path = awsconfiguration.json; sourceTree = "<group>"; };
		A1ADF55722A2098F0097995A /* SignUpViewController.swift */ = {isa = PBXFileReference; lastKnownFileType = sourcecode.swift; path = SignUpViewController.swift; sourceTree = "<group>"; };
		A1ADF55922A209D90097995A /* SignInViewController.swift */ = {isa = PBXFileReference; lastKnownFileType = sourcecode.swift; path = SignInViewController.swift; sourceTree = "<group>"; };
		A1ADF55F22A238E60097995A /* ConfirmSignUpViewController.swift */ = {isa = PBXFileReference; lastKnownFileType = sourcecode.swift; path = ConfirmSignUpViewController.swift; sourceTree = "<group>"; };
		A1ADF56122A239080097995A /* Constants.swift */ = {isa = PBXFileReference; lastKnownFileType = sourcecode.swift; path = Constants.swift; sourceTree = "<group>"; };
		A1B8E50A22AC7C9700043BD0 /* UserWebsitesBlocked.swift */ = {isa = PBXFileReference; fileEncoding = 4; lastKnownFileType = sourcecode.swift; path = UserWebsitesBlocked.swift; sourceTree = "<group>"; };
		A1B8E50C22AC8DB500043BD0 /* mainWebsiteBlockViewController.swift */ = {isa = PBXFileReference; lastKnownFileType = sourcecode.swift; path = mainWebsiteBlockViewController.swift; sourceTree = "<group>"; };
		A1B8E50E22AC98C100043BD0 /* sendWebsiteViewController.swift */ = {isa = PBXFileReference; lastKnownFileType = sourcecode.swift; path = sendWebsiteViewController.swift; sourceTree = "<group>"; };
		C75E3B1DE92823EA0FAA9C8E /* Pods-ScreenFreeTests.debug.xcconfig */ = {isa = PBXFileReference; includeInIndex = 1; lastKnownFileType = text.xcconfig; name = "Pods-ScreenFreeTests.debug.xcconfig"; path = "Target Support Files/Pods-ScreenFreeTests/Pods-ScreenFreeTests.debug.xcconfig"; sourceTree = "<group>"; };
		F2C5835988A10B2DA54B44E5 /* Pods_ScreenFree.framework */ = {isa = PBXFileReference; explicitFileType = wrapper.framework; includeInIndex = 0; path = Pods_ScreenFree.framework; sourceTree = BUILT_PRODUCTS_DIR; };
		F61E5B0EF20F4A837420F5B5 /* Pods-ScreenFreeUITests.release.xcconfig */ = {isa = PBXFileReference; includeInIndex = 1; lastKnownFileType = text.xcconfig; name = "Pods-ScreenFreeUITests.release.xcconfig"; path = "Target Support Files/Pods-ScreenFreeUITests/Pods-ScreenFreeUITests.release.xcconfig"; sourceTree = "<group>"; };
		F723DE4337B7587B53D0DBAC /* Pods-ScreenFree.release.xcconfig */ = {isa = PBXFileReference; includeInIndex = 1; lastKnownFileType = text.xcconfig; name = "Pods-ScreenFree.release.xcconfig"; path = "Target Support Files/Pods-ScreenFree/Pods-ScreenFree.release.xcconfig"; sourceTree = "<group>"; };
/* End PBXFileReference section */

/* Begin PBXFrameworksBuildPhase section */
		A124F75622AA9D9E00136705 /* Frameworks */ = {
			isa = PBXFrameworksBuildPhase;
			buildActionMask = 2147483647;
			files = (
			);
			runOnlyForDeploymentPostprocessing = 0;
		};
		A15C15B122A1812500405E44 /* Frameworks */ = {
			isa = PBXFrameworksBuildPhase;
			buildActionMask = 2147483647;
			files = (
				A19000D922A324920080D43B /* AWSUserPoolsSignIn.framework in Frameworks */,
				9BA195498F15BA951F480085 /* Pods_ScreenFree.framework in Frameworks */,
			);
			runOnlyForDeploymentPostprocessing = 0;
		};
		A15C15C722A1812600405E44 /* Frameworks */ = {
			isa = PBXFrameworksBuildPhase;
			buildActionMask = 2147483647;
			files = (
				B2F1513F463D5F7E00D1F1AB /* Pods_ScreenFreeTests.framework in Frameworks */,
			);
			runOnlyForDeploymentPostprocessing = 0;
		};
		A15C15D222A1812600405E44 /* Frameworks */ = {
			isa = PBXFrameworksBuildPhase;
			buildActionMask = 2147483647;
			files = (
				B825A04E1C99FCB570E025E1 /* Pods_ScreenFreeUITests.framework in Frameworks */,
			);
			runOnlyForDeploymentPostprocessing = 0;
		};
/* End PBXFrameworksBuildPhase section */

/* Begin PBXGroup section */
		4C7DF1A2F28EDED7D9D89D91 /* Pods */ = {
			isa = PBXGroup;
			children = (
				6B6BE8CA659FEF8C52F68C7B /* Target Support Files/Pods-ScreenFree/Pods-ScreenFree.debug.xcconfig */,
				F723DE4337B7587B53D0DBAC /* Pods-ScreenFree.release.xcconfig */,
				C75E3B1DE92823EA0FAA9C8E /* Pods-ScreenFreeTests.debug.xcconfig */,
				3D592502F34632545009D851 /* Pods-ScreenFreeTests.release.xcconfig */,
				101C9846F2F00A4AA9F9BD8C /* Pods-ScreenFreeUITests.debug.xcconfig */,
				F61E5B0EF20F4A837420F5B5 /* Pods-ScreenFreeUITests.release.xcconfig */,
			);
			path = Pods;
			sourceTree = "<group>";
		};
		A124F75A22AA9D9E00136705 /* ContentBlocker */ = {
			isa = PBXGroup;
			children = (
				A124F76822AAACC200136705 /* ContentBlocker.entitlements */,
				A124F75B22AA9D9E00136705 /* blockerList.json */,
				A124F75D22AA9D9E00136705 /* ContentBlockerRequestHandler.swift */,
				A124F75F22AA9D9E00136705 /* Info.plist */,
			);
			path = ContentBlocker;
			sourceTree = "<group>";
		};
		A15C15AB22A1812500405E44 = {
			isa = PBXGroup;
			children = (
				A191859522A1897D00E835C5 /* awsconfiguration.json */,
				A15C15B622A1812500405E44 /* ScreenFree */,
				A15C15CD22A1812600405E44 /* ScreenFreeTests */,
				A15C15D822A1812600405E44 /* ScreenFreeUITests */,
				A15C15B522A1812500405E44 /* Products */,
				A124F75A22AA9D9E00136705 /* ContentBlocker */,
				4C7DF1A2F28EDED7D9D89D91 /* Pods */,
				C008F8D64E89DA19092C007A /* Frameworks */,
			);
			sourceTree = "<group>";
		};
		A15C15B522A1812500405E44 /* Products */ = {
			isa = PBXGroup;
			children = (
				A15C15B422A1812500405E44 /* ScreenFree.app */,
				A15C15CA22A1812600405E44 /* ScreenFreeTests.xctest */,
				A15C15D522A1812600405E44 /* ScreenFreeUITests.xctest */,
				A124F75922AA9D9E00136705 /* ContentBlocker.appex */,
			);
			name = Products;
			sourceTree = "<group>";
		};
		A15C15B622A1812500405E44 /* ScreenFree */ = {
			isa = PBXGroup;
			children = (
				A124F78122AACEC900136705 /* customBlockerList.json */,
				A124F76722AAAC7C00136705 /* ScreenFree.entitlements */,
				A15C15BD22A1812500405E44 /* Main.storyboard */,
				A15C15B722A1812500405E44 /* AppDelegate.swift */,
				A18B833F22A48502006C6B48 /* UserDetailTableViewController.swift */,
				A1ADF55722A2098F0097995A /* SignUpViewController.swift */,
				A1ADF55922A209D90097995A /* SignInViewController.swift */,
				A1ADF55F22A238E60097995A /* ConfirmSignUpViewController.swift */,
				A1B8E50A22AC7C9700043BD0 /* UserWebsitesBlocked.swift */,
				A1ADF56122A239080097995A /* Constants.swift */,
				A15C15C022A1812500405E44 /* Assets.xcassets */,
				A15C15C222A1812500405E44 /* LaunchScreen.storyboard */,
				A15C15C522A1812500405E44 /* Info.plist */,
				A1B8E50C22AC8DB500043BD0 /* mainWebsiteBlockViewController.swift */,
				A1B8E50E22AC98C100043BD0 /* sendWebsiteViewController.swift */,
			);
			path = ScreenFree;
			sourceTree = "<group>";
		};
		A15C15CD22A1812600405E44 /* ScreenFreeTests */ = {
			isa = PBXGroup;
			children = (
				A15C15CE22A1812600405E44 /* ScreenFreeTests.swift */,
				A15C15D022A1812600405E44 /* Info.plist */,
			);
			path = ScreenFreeTests;
			sourceTree = "<group>";
		};
		A15C15D822A1812600405E44 /* ScreenFreeUITests */ = {
			isa = PBXGroup;
			children = (
				A15C15D922A1812600405E44 /* ScreenFreeUITests.swift */,
				A15C15DB22A1812600405E44 /* Info.plist */,
			);
			path = ScreenFreeUITests;
			sourceTree = "<group>";
		};
		C008F8D64E89DA19092C007A /* Frameworks */ = {
			isa = PBXGroup;
			children = (
				A19000D822A324920080D43B /* AWSUserPoolsSignIn.framework */,
				F2C5835988A10B2DA54B44E5 /* Pods_ScreenFree.framework */,
				638B35A4B9A7AB7F2F67E07A /* Pods_ScreenFreeTests.framework */,
				99D38BB9C2CB6CC2AF6300AB /* Pods_ScreenFreeUITests.framework */,
			);
			name = Frameworks;
			sourceTree = "<group>";
		};
/* End PBXGroup section */

/* Begin PBXNativeTarget section */
		A124F75822AA9D9E00136705 /* ContentBlocker */ = {
			isa = PBXNativeTarget;
			buildConfigurationList = A124F76522AA9D9E00136705 /* Build configuration list for PBXNativeTarget "ContentBlocker" */;
			buildPhases = (
				A124F75522AA9D9E00136705 /* Sources */,
				A124F75622AA9D9E00136705 /* Frameworks */,
				A124F75722AA9D9E00136705 /* Resources */,
			);
			buildRules = (
			);
			dependencies = (
			);
			name = ContentBlocker;
			productName = ContentBlocker;
			productReference = A124F75922AA9D9E00136705 /* ContentBlocker.appex */;
			productType = "com.apple.product-type.app-extension";
		};
		A15C15B322A1812500405E44 /* ScreenFree */ = {
			isa = PBXNativeTarget;
			buildConfigurationList = A15C15DE22A1812600405E44 /* Build configuration list for PBXNativeTarget "ScreenFree" */;
			buildPhases = (
				C05E4D5FDC4818D0EC1CC114 /* [CP] Check Pods Manifest.lock */,
				A15C15B022A1812500405E44 /* Sources */,
				A15C15B122A1812500405E44 /* Frameworks */,
				A15C15B222A1812500405E44 /* Resources */,
				D14429A263EF6133152D5E78 /* [CP] Embed Pods Frameworks */,
				A124F76622AA9D9E00136705 /* Embed App Extensions */,
			);
			buildRules = (
			);
			dependencies = (
				A124F76122AA9D9E00136705 /* PBXTargetDependency */,
			);
			name = ScreenFree;
			productName = ScreenFree;
			productReference = A15C15B422A1812500405E44 /* ScreenFree.app */;
			productType = "com.apple.product-type.application";
		};
		A15C15C922A1812600405E44 /* ScreenFreeTests */ = {
			isa = PBXNativeTarget;
			buildConfigurationList = A15C15E122A1812600405E44 /* Build configuration list for PBXNativeTarget "ScreenFreeTests" */;
			buildPhases = (
				293203A38FBEE0C0988B0479 /* [CP] Check Pods Manifest.lock */,
				A15C15C622A1812600405E44 /* Sources */,
				A15C15C722A1812600405E44 /* Frameworks */,
				A15C15C822A1812600405E44 /* Resources */,
			);
			buildRules = (
			);
			dependencies = (
				A15C15CC22A1812600405E44 /* PBXTargetDependency */,
			);
			name = ScreenFreeTests;
			productName = ScreenFreeTests;
			productReference = A15C15CA22A1812600405E44 /* ScreenFreeTests.xctest */;
			productType = "com.apple.product-type.bundle.unit-test";
		};
		A15C15D422A1812600405E44 /* ScreenFreeUITests */ = {
			isa = PBXNativeTarget;
			buildConfigurationList = A15C15E422A1812600405E44 /* Build configuration list for PBXNativeTarget "ScreenFreeUITests" */;
			buildPhases = (
				E825DBF49A911B96A5B25A44 /* [CP] Check Pods Manifest.lock */,
				A15C15D122A1812600405E44 /* Sources */,
				A15C15D222A1812600405E44 /* Frameworks */,
				A15C15D322A1812600405E44 /* Resources */,
			);
			buildRules = (
			);
			dependencies = (
				A15C15D722A1812600405E44 /* PBXTargetDependency */,
			);
			name = ScreenFreeUITests;
			productName = ScreenFreeUITests;
			productReference = A15C15D522A1812600405E44 /* ScreenFreeUITests.xctest */;
			productType = "com.apple.product-type.bundle.ui-testing";
		};
/* End PBXNativeTarget section */

/* Begin PBXProject section */
		A15C15AC22A1812500405E44 /* Project object */ = {
			isa = PBXProject;
			attributes = {
				KnownAssetTags = (
					Note,
				);
				LastSwiftUpdateCheck = 1020;
				LastUpgradeCheck = 1020;
				ORGANIZATIONNAME = TrickStewart;
				TargetAttributes = {
					A124F75822AA9D9E00136705 = {
						CreatedOnToolsVersion = 10.2.1;
						SystemCapabilities = {
							com.apple.ApplicationGroups.iOS = {
								enabled = 1;
							};
						};
					};
					A15C15B322A1812500405E44 = {
						CreatedOnToolsVersion = 10.2.1;
						SystemCapabilities = {
							com.apple.ApplicationGroups.iOS = {
								enabled = 1;
							};
							com.apple.BackgroundModes = {
								enabled = 0;
							};
							com.apple.DataProtection = {
								enabled = 0;
							};
						};
					};
					A15C15C922A1812600405E44 = {
						CreatedOnToolsVersion = 10.2.1;
						TestTargetID = A15C15B322A1812500405E44;
					};
					A15C15D422A1812600405E44 = {
						CreatedOnToolsVersion = 10.2.1;
						TestTargetID = A15C15B322A1812500405E44;
					};
				};
			};
			buildConfigurationList = A15C15AF22A1812500405E44 /* Build configuration list for PBXProject "ScreenFree" */;
			compatibilityVersion = "Xcode 9.3";
			developmentRegion = en;
			hasScannedForEncodings = 0;
			knownRegions = (
				en,
				Base,
			);
			mainGroup = A15C15AB22A1812500405E44;
			productRefGroup = A15C15B522A1812500405E44 /* Products */;
			projectDirPath = "";
			projectRoot = "";
			targets = (
				A15C15B322A1812500405E44 /* ScreenFree */,
				A15C15C922A1812600405E44 /* ScreenFreeTests */,
				A15C15D422A1812600405E44 /* ScreenFreeUITests */,
				A124F75822AA9D9E00136705 /* ContentBlocker */,
			);
		};
/* End PBXProject section */

/* Begin PBXResourcesBuildPhase section */
		A124F75722AA9D9E00136705 /* Resources */ = {
			isa = PBXResourcesBuildPhase;
			buildActionMask = 2147483647;
			files = (
				A124F75C22AA9D9E00136705 /* blockerList.json in Resources */,
				A124F78322AACECA00136705 /* customBlockerList.json in Resources */,
			);
			runOnlyForDeploymentPostprocessing = 0;
		};
		A15C15B222A1812500405E44 /* Resources */ = {
			isa = PBXResourcesBuildPhase;
			buildActionMask = 2147483647;
			files = (
				A191859622A1897D00E835C5 /* awsconfiguration.json in Resources */,
				A15C15C422A1812500405E44 /* LaunchScreen.storyboard in Resources */,
				A15C15C122A1812500405E44 /* Assets.xcassets in Resources */,
				A15C15BF22A1812500405E44 /* Main.storyboard in Resources */,
				A124F78222AACECA00136705 /* customBlockerList.json in Resources */,
			);
			runOnlyForDeploymentPostprocessing = 0;
		};
		A15C15C822A1812600405E44 /* Resources */ = {
			isa = PBXResourcesBuildPhase;
			buildActionMask = 2147483647;
			files = (
			);
			runOnlyForDeploymentPostprocessing = 0;
		};
		A15C15D322A1812600405E44 /* Resources */ = {
			isa = PBXResourcesBuildPhase;
			buildActionMask = 2147483647;
			files = (
			);
			runOnlyForDeploymentPostprocessing = 0;
		};
/* End PBXResourcesBuildPhase section */

/* Begin PBXShellScriptBuildPhase section */
		293203A38FBEE0C0988B0479 /* [CP] Check Pods Manifest.lock */ = {
			isa = PBXShellScriptBuildPhase;
			buildActionMask = 2147483647;
			files = (
			);
			inputFileListPaths = (
			);
			inputPaths = (
				"${PODS_PODFILE_DIR_PATH}/Podfile.lock",
				"${PODS_ROOT}/Manifest.lock",
			);
			name = "[CP] Check Pods Manifest.lock";
			outputFileListPaths = (
			);
			outputPaths = (
				"$(DERIVED_FILE_DIR)/Pods-ScreenFreeTests-checkManifestLockResult.txt",
			);
			runOnlyForDeploymentPostprocessing = 0;
			shellPath = /bin/sh;
			shellScript = "diff \"${PODS_PODFILE_DIR_PATH}/Podfile.lock\" \"${PODS_ROOT}/Manifest.lock\" > /dev/null\nif [ $? != 0 ] ; then\n    # print error to STDERR\n    echo \"error: The sandbox is not in sync with the Podfile.lock. Run 'pod install' or update your CocoaPods installation.\" >&2\n    exit 1\nfi\n# This output is used by Xcode 'outputs' to avoid re-running this script phase.\necho \"SUCCESS\" > \"${SCRIPT_OUTPUT_FILE_0}\"\n";
			showEnvVarsInLog = 0;
		};
		C05E4D5FDC4818D0EC1CC114 /* [CP] Check Pods Manifest.lock */ = {
			isa = PBXShellScriptBuildPhase;
			buildActionMask = 2147483647;
			files = (
			);
			inputFileListPaths = (
			);
			inputPaths = (
				"${PODS_PODFILE_DIR_PATH}/Podfile.lock",
				"${PODS_ROOT}/Manifest.lock",
			);
			name = "[CP] Check Pods Manifest.lock";
			outputFileListPaths = (
			);
			outputPaths = (
				"$(DERIVED_FILE_DIR)/Pods-ScreenFree-checkManifestLockResult.txt",
			);
			runOnlyForDeploymentPostprocessing = 0;
			shellPath = /bin/sh;
			shellScript = "diff \"${PODS_PODFILE_DIR_PATH}/Podfile.lock\" \"${PODS_ROOT}/Manifest.lock\" > /dev/null\nif [ $? != 0 ] ; then\n    # print error to STDERR\n    echo \"error: The sandbox is not in sync with the Podfile.lock. Run 'pod install' or update your CocoaPods installation.\" >&2\n    exit 1\nfi\n# This output is used by Xcode 'outputs' to avoid re-running this script phase.\necho \"SUCCESS\" > \"${SCRIPT_OUTPUT_FILE_0}\"\n";
			showEnvVarsInLog = 0;
		};
		D14429A263EF6133152D5E78 /* [CP] Embed Pods Frameworks */ = {
			isa = PBXShellScriptBuildPhase;
			buildActionMask = 2147483647;
			files = (
			);
			inputFileListPaths = (
				"${PODS_ROOT}/Target Support Files/Pods-ScreenFree/Pods-ScreenFree-frameworks-${CONFIGURATION}-input-files.xcfilelist",
			);
			name = "[CP] Embed Pods Frameworks";
			outputFileListPaths = (
				"${PODS_ROOT}/Target Support Files/Pods-ScreenFree/Pods-ScreenFree-frameworks-${CONFIGURATION}-output-files.xcfilelist",
			);
			runOnlyForDeploymentPostprocessing = 0;
			shellPath = /bin/sh;
			shellScript = "\"${PODS_ROOT}/Target Support Files/Pods-ScreenFree/Pods-ScreenFree-frameworks.sh\"\n";
			showEnvVarsInLog = 0;
		};
		E825DBF49A911B96A5B25A44 /* [CP] Check Pods Manifest.lock */ = {
			isa = PBXShellScriptBuildPhase;
			buildActionMask = 2147483647;
			files = (
			);
			inputFileListPaths = (
			);
			inputPaths = (
				"${PODS_PODFILE_DIR_PATH}/Podfile.lock",
				"${PODS_ROOT}/Manifest.lock",
			);
			name = "[CP] Check Pods Manifest.lock";
			outputFileListPaths = (
			);
			outputPaths = (
				"$(DERIVED_FILE_DIR)/Pods-ScreenFreeUITests-checkManifestLockResult.txt",
			);
			runOnlyForDeploymentPostprocessing = 0;
			shellPath = /bin/sh;
			shellScript = "diff \"${PODS_PODFILE_DIR_PATH}/Podfile.lock\" \"${PODS_ROOT}/Manifest.lock\" > /dev/null\nif [ $? != 0 ] ; then\n    # print error to STDERR\n    echo \"error: The sandbox is not in sync with the Podfile.lock. Run 'pod install' or update your CocoaPods installation.\" >&2\n    exit 1\nfi\n# This output is used by Xcode 'outputs' to avoid re-running this script phase.\necho \"SUCCESS\" > \"${SCRIPT_OUTPUT_FILE_0}\"\n";
			showEnvVarsInLog = 0;
		};
/* End PBXShellScriptBuildPhase section */

/* Begin PBXSourcesBuildPhase section */
		A124F75522AA9D9E00136705 /* Sources */ = {
			isa = PBXSourcesBuildPhase;
			buildActionMask = 2147483647;
			files = (
				A124F75E22AA9D9E00136705 /* ContentBlockerRequestHandler.swift in Sources */,
			);
			runOnlyForDeploymentPostprocessing = 0;
		};
		A15C15B022A1812500405E44 /* Sources */ = {
			isa = PBXSourcesBuildPhase;
			buildActionMask = 2147483647;
			files = (
				A1B8E50B22AC7C9800043BD0 /* UserWebsitesBlocked.swift in Sources */,
				A18B834022A48503006C6B48 /* UserDetailTableViewController.swift in Sources */,
				A1ADF56022A238E60097995A /* ConfirmSignUpViewController.swift in Sources */,
				A1ADF55822A2098F0097995A /* SignUpViewController.swift in Sources */,
				A15C15B822A1812500405E44 /* AppDelegate.swift in Sources */,
				A1ADF55A22A209D90097995A /* SignInViewController.swift in Sources */,
				A1B8E50D22AC8DB500043BD0 /* mainWebsiteBlockViewController.swift in Sources */,
				A1ADF56222A239080097995A /* Constants.swift in Sources */,
				A1B8E50F22AC98C100043BD0 /* sendWebsiteViewController.swift in Sources */,
			);
			runOnlyForDeploymentPostprocessing = 0;
		};
		A15C15C622A1812600405E44 /* Sources */ = {
			isa = PBXSourcesBuildPhase;
			buildActionMask = 2147483647;
			files = (
				A15C15CF22A1812600405E44 /* ScreenFreeTests.swift in Sources */,
			);
			runOnlyForDeploymentPostprocessing = 0;
		};
		A15C15D122A1812600405E44 /* Sources */ = {
			isa = PBXSourcesBuildPhase;
			buildActionMask = 2147483647;
			files = (
				A15C15DA22A1812600405E44 /* ScreenFreeUITests.swift in Sources */,
			);
			runOnlyForDeploymentPostprocessing = 0;
		};
/* End PBXSourcesBuildPhase section */

/* Begin PBXTargetDependency section */
		A124F76122AA9D9E00136705 /* PBXTargetDependency */ = {
			isa = PBXTargetDependency;
			target = A124F75822AA9D9E00136705 /* ContentBlocker */;
			targetProxy = A124F76022AA9D9E00136705 /* PBXContainerItemProxy */;
		};
		A15C15CC22A1812600405E44 /* PBXTargetDependency */ = {
			isa = PBXTargetDependency;
			target = A15C15B322A1812500405E44 /* ScreenFree */;
			targetProxy = A15C15CB22A1812600405E44 /* PBXContainerItemProxy */;
		};
		A15C15D722A1812600405E44 /* PBXTargetDependency */ = {
			isa = PBXTargetDependency;
			target = A15C15B322A1812500405E44 /* ScreenFree */;
			targetProxy = A15C15D622A1812600405E44 /* PBXContainerItemProxy */;
		};
/* End PBXTargetDependency section */

/* Begin PBXVariantGroup section */
		A15C15BD22A1812500405E44 /* Main.storyboard */ = {
			isa = PBXVariantGroup;
			children = (
				A15C15BE22A1812500405E44 /* Base */,
			);
			name = Main.storyboard;
			sourceTree = "<group>";
		};
		A15C15C222A1812500405E44 /* LaunchScreen.storyboard */ = {
			isa = PBXVariantGroup;
			children = (
				A15C15C322A1812500405E44 /* Base */,
			);
			name = LaunchScreen.storyboard;
			sourceTree = "<group>";
		};
/* End PBXVariantGroup section */

/* Begin XCBuildConfiguration section */
		A124F76322AA9D9E00136705 /* Debug */ = {
			isa = XCBuildConfiguration;
			buildSettings = {
				ARCHS = "$(ARCHS_STANDARD_64_BIT)";
				CODE_SIGN_ENTITLEMENTS = ContentBlocker/ContentBlocker.entitlements;
				CODE_SIGN_STYLE = Automatic;
				DEVELOPMENT_TEAM = RYD88K876U;
				INFOPLIST_FILE = ContentBlocker/Info.plist;
				LD_RUNPATH_SEARCH_PATHS = (
					"$(inherited)",
					"@executable_path/Frameworks",
					"@executable_path/../../Frameworks",
				);
				PRODUCT_BUNDLE_IDENTIFIER = TrickStewart.ScreenFree.ContentBlocker;
				PRODUCT_NAME = "$(TARGET_NAME)";
				SKIP_INSTALL = YES;
				SWIFT_VERSION = 5.0;
				TARGETED_DEVICE_FAMILY = "1,2";
			};
			name = Debug;
		};
		A124F76422AA9D9E00136705 /* Release */ = {
			isa = XCBuildConfiguration;
			buildSettings = {
				ARCHS = "$(ARCHS_STANDARD_64_BIT)";
				CODE_SIGN_ENTITLEMENTS = ContentBlocker/ContentBlocker.entitlements;
				CODE_SIGN_STYLE = Automatic;
				DEVELOPMENT_TEAM = RYD88K876U;
				INFOPLIST_FILE = ContentBlocker/Info.plist;
				LD_RUNPATH_SEARCH_PATHS = (
					"$(inherited)",
					"@executable_path/Frameworks",
					"@executable_path/../../Frameworks",
				);
				PRODUCT_BUNDLE_IDENTIFIER = TrickStewart.ScreenFree.ContentBlocker;
				PRODUCT_NAME = "$(TARGET_NAME)";
				SKIP_INSTALL = YES;
				SWIFT_VERSION = 5.0;
				TARGETED_DEVICE_FAMILY = "1,2";
			};
			name = Release;
		};
		A15C15DC22A1812600405E44 /* Debug */ = {
			isa = XCBuildConfiguration;
			buildSettings = {
				ALWAYS_EMBED_SWIFT_STANDARD_LIBRARIES = YES;
				ALWAYS_SEARCH_USER_PATHS = NO;
				CLANG_ANALYZER_NONNULL = YES;
				CLANG_ANALYZER_NUMBER_OBJECT_CONVERSION = YES_AGGRESSIVE;
				CLANG_CXX_LANGUAGE_STANDARD = "gnu++14";
				CLANG_CXX_LIBRARY = "libc++";
				CLANG_ENABLE_MODULES = YES;
				CLANG_ENABLE_OBJC_ARC = YES;
				CLANG_ENABLE_OBJC_WEAK = YES;
				CLANG_WARN_BLOCK_CAPTURE_AUTORELEASING = YES;
				CLANG_WARN_BOOL_CONVERSION = YES;
				CLANG_WARN_COMMA = YES;
				CLANG_WARN_CONSTANT_CONVERSION = YES;
				CLANG_WARN_DEPRECATED_OBJC_IMPLEMENTATIONS = YES;
				CLANG_WARN_DIRECT_OBJC_ISA_USAGE = YES_ERROR;
				CLANG_WARN_DOCUMENTATION_COMMENTS = YES;
				CLANG_WARN_EMPTY_BODY = YES;
				CLANG_WARN_ENUM_CONVERSION = YES;
				CLANG_WARN_INFINITE_RECURSION = YES;
				CLANG_WARN_INT_CONVERSION = YES;
				CLANG_WARN_NON_LITERAL_NULL_CONVERSION = YES;
				CLANG_WARN_OBJC_IMPLICIT_RETAIN_SELF = YES;
				CLANG_WARN_OBJC_LITERAL_CONVERSION = YES;
				CLANG_WARN_OBJC_ROOT_CLASS = YES_ERROR;
				CLANG_WARN_RANGE_LOOP_ANALYSIS = YES;
				CLANG_WARN_STRICT_PROTOTYPES = YES;
				CLANG_WARN_SUSPICIOUS_MOVE = YES;
				CLANG_WARN_UNGUARDED_AVAILABILITY = YES_AGGRESSIVE;
				CLANG_WARN_UNREACHABLE_CODE = YES;
				CLANG_WARN__DUPLICATE_METHOD_MATCH = YES;
				CODE_SIGN_IDENTITY = "iPhone Developer";
				COPY_PHASE_STRIP = NO;
				DEBUG_INFORMATION_FORMAT = dwarf;
				ENABLE_STRICT_OBJC_MSGSEND = YES;
				ENABLE_TESTABILITY = YES;
				GCC_C_LANGUAGE_STANDARD = gnu11;
				GCC_DYNAMIC_NO_PIC = NO;
				GCC_NO_COMMON_BLOCKS = YES;
				GCC_OPTIMIZATION_LEVEL = 0;
				GCC_PREPROCESSOR_DEFINITIONS = (
					"DEBUG=1",
					"$(inherited)",
				);
				GCC_WARN_64_TO_32_BIT_CONVERSION = YES;
				GCC_WARN_ABOUT_RETURN_TYPE = YES_ERROR;
				GCC_WARN_UNDECLARED_SELECTOR = YES;
				GCC_WARN_UNINITIALIZED_AUTOS = YES_AGGRESSIVE;
				GCC_WARN_UNUSED_FUNCTION = YES;
				GCC_WARN_UNUSED_VARIABLE = YES;
				IPHONEOS_DEPLOYMENT_TARGET = 12.2;
				MTL_ENABLE_DEBUG_INFO = INCLUDE_SOURCE;
				MTL_FAST_MATH = YES;
				ONLY_ACTIVE_ARCH = YES;
				SDKROOT = iphoneos;
				SWIFT_ACTIVE_COMPILATION_CONDITIONS = DEBUG;
				SWIFT_OPTIMIZATION_LEVEL = "-Onone";
			};
			name = Debug;
		};
		A15C15DD22A1812600405E44 /* Release */ = {
			isa = XCBuildConfiguration;
			buildSettings = {
				ALWAYS_EMBED_SWIFT_STANDARD_LIBRARIES = YES;
				ALWAYS_SEARCH_USER_PATHS = NO;
				CLANG_ANALYZER_NONNULL = YES;
				CLANG_ANALYZER_NUMBER_OBJECT_CONVERSION = YES_AGGRESSIVE;
				CLANG_CXX_LANGUAGE_STANDARD = "gnu++14";
				CLANG_CXX_LIBRARY = "libc++";
				CLANG_ENABLE_MODULES = YES;
				CLANG_ENABLE_OBJC_ARC = YES;
				CLANG_ENABLE_OBJC_WEAK = YES;
				CLANG_WARN_BLOCK_CAPTURE_AUTORELEASING = YES;
				CLANG_WARN_BOOL_CONVERSION = YES;
				CLANG_WARN_COMMA = YES;
				CLANG_WARN_CONSTANT_CONVERSION = YES;
				CLANG_WARN_DEPRECATED_OBJC_IMPLEMENTATIONS = YES;
				CLANG_WARN_DIRECT_OBJC_ISA_USAGE = YES_ERROR;
				CLANG_WARN_DOCUMENTATION_COMMENTS = YES;
				CLANG_WARN_EMPTY_BODY = YES;
				CLANG_WARN_ENUM_CONVERSION = YES;
				CLANG_WARN_INFINITE_RECURSION = YES;
				CLANG_WARN_INT_CONVERSION = YES;
				CLANG_WARN_NON_LITERAL_NULL_CONVERSION = YES;
				CLANG_WARN_OBJC_IMPLICIT_RETAIN_SELF = YES;
				CLANG_WARN_OBJC_LITERAL_CONVERSION = YES;
				CLANG_WARN_OBJC_ROOT_CLASS = YES_ERROR;
				CLANG_WARN_RANGE_LOOP_ANALYSIS = YES;
				CLANG_WARN_STRICT_PROTOTYPES = YES;
				CLANG_WARN_SUSPICIOUS_MOVE = YES;
				CLANG_WARN_UNGUARDED_AVAILABILITY = YES_AGGRESSIVE;
				CLANG_WARN_UNREACHABLE_CODE = YES;
				CLANG_WARN__DUPLICATE_METHOD_MATCH = YES;
				CODE_SIGN_IDENTITY = "iPhone Developer";
				COPY_PHASE_STRIP = NO;
				DEBUG_INFORMATION_FORMAT = "dwarf-with-dsym";
				ENABLE_NS_ASSERTIONS = NO;
				ENABLE_STRICT_OBJC_MSGSEND = YES;
				GCC_C_LANGUAGE_STANDARD = gnu11;
				GCC_NO_COMMON_BLOCKS = YES;
				GCC_WARN_64_TO_32_BIT_CONVERSION = YES;
				GCC_WARN_ABOUT_RETURN_TYPE = YES_ERROR;
				GCC_WARN_UNDECLARED_SELECTOR = YES;
				GCC_WARN_UNINITIALIZED_AUTOS = YES_AGGRESSIVE;
				GCC_WARN_UNUSED_FUNCTION = YES;
				GCC_WARN_UNUSED_VARIABLE = YES;
				IPHONEOS_DEPLOYMENT_TARGET = 12.2;
				MTL_ENABLE_DEBUG_INFO = NO;
				MTL_FAST_MATH = YES;
				SDKROOT = iphoneos;
				SWIFT_COMPILATION_MODE = wholemodule;
				SWIFT_OPTIMIZATION_LEVEL = "-O";
				VALIDATE_PRODUCT = YES;
			};
			name = Release;
		};
		A15C15DF22A1812600405E44 /* Debug */ = {
			isa = XCBuildConfiguration;
			baseConfigurationReference = 6B6BE8CA659FEF8C52F68C7B /* Target Support Files/Pods-ScreenFree/Pods-ScreenFree.debug.xcconfig */;
			buildSettings = {
				ALWAYS_EMBED_SWIFT_STANDARD_LIBRARIES = YES;
				ASSETCATALOG_COMPILER_APPICON_NAME = AppIcon;
				CODE_SIGN_ENTITLEMENTS = ScreenFree/ScreenFree.entitlements;
				CODE_SIGN_STYLE = Automatic;
				DEVELOPMENT_TEAM = RYD88K876U;
				INFOPLIST_FILE = ScreenFree/Info.plist;
				LD_RUNPATH_SEARCH_PATHS = (
					"$(inherited)",
					"@executable_path/Frameworks",
				);
				PRODUCT_BUNDLE_IDENTIFIER = TrickStewart.ScreenFree;
				PRODUCT_NAME = "$(TARGET_NAME)";
				SWIFT_VERSION = 5.0;
				TARGETED_DEVICE_FAMILY = 1;
			};
			name = Debug;
		};
		A15C15E022A1812600405E44 /* Release */ = {
			isa = XCBuildConfiguration;
			baseConfigurationReference = F723DE4337B7587B53D0DBAC /* Pods-ScreenFree.release.xcconfig */;
			buildSettings = {
				ALWAYS_EMBED_SWIFT_STANDARD_LIBRARIES = YES;
				ASSETCATALOG_COMPILER_APPICON_NAME = AppIcon;
				CODE_SIGN_ENTITLEMENTS = ScreenFree/ScreenFree.entitlements;
				CODE_SIGN_STYLE = Automatic;
				DEVELOPMENT_TEAM = RYD88K876U;
				INFOPLIST_FILE = ScreenFree/Info.plist;
				LD_RUNPATH_SEARCH_PATHS = (
					"$(inherited)",
					"@executable_path/Frameworks",
				);
				PRODUCT_BUNDLE_IDENTIFIER = TrickStewart.ScreenFree;
				PRODUCT_NAME = "$(TARGET_NAME)";
				SWIFT_VERSION = 5.0;
				TARGETED_DEVICE_FAMILY = 1;
			};
			name = Release;
		};
		A15C15E222A1812600405E44 /* Debug */ = {
			isa = XCBuildConfiguration;
			baseConfigurationReference = C75E3B1DE92823EA0FAA9C8E /* Pods-ScreenFreeTests.debug.xcconfig */;
			buildSettings = {
				ALWAYS_EMBED_SWIFT_STANDARD_LIBRARIES = YES;
				BUNDLE_LOADER = "$(TEST_HOST)";
				CODE_SIGN_STYLE = Automatic;
				DEVELOPMENT_TEAM = RYD88K876U;
				INFOPLIST_FILE = ScreenFreeTests/Info.plist;
				LD_RUNPATH_SEARCH_PATHS = (
					"$(inherited)",
					"@executable_path/Frameworks",
					"@loader_path/Frameworks",
				);
				PRODUCT_BUNDLE_IDENTIFIER = TrickStewart.ScreenFreeTests;
				PRODUCT_NAME = "$(TARGET_NAME)";
				SWIFT_VERSION = 5.0;
				TARGETED_DEVICE_FAMILY = "1,2";
				TEST_HOST = "$(BUILT_PRODUCTS_DIR)/ScreenFree.app/ScreenFree";
			};
			name = Debug;
		};
		A15C15E322A1812600405E44 /* Release */ = {
			isa = XCBuildConfiguration;
			baseConfigurationReference = 3D592502F34632545009D851 /* Pods-ScreenFreeTests.release.xcconfig */;
			buildSettings = {
				ALWAYS_EMBED_SWIFT_STANDARD_LIBRARIES = YES;
				BUNDLE_LOADER = "$(TEST_HOST)";
				CODE_SIGN_STYLE = Automatic;
				DEVELOPMENT_TEAM = RYD88K876U;
				INFOPLIST_FILE = ScreenFreeTests/Info.plist;
				LD_RUNPATH_SEARCH_PATHS = (
					"$(inherited)",
					"@executable_path/Frameworks",
					"@loader_path/Frameworks",
				);
				PRODUCT_BUNDLE_IDENTIFIER = TrickStewart.ScreenFreeTests;
				PRODUCT_NAME = "$(TARGET_NAME)";
				SWIFT_VERSION = 5.0;
				TARGETED_DEVICE_FAMILY = "1,2";
				TEST_HOST = "$(BUILT_PRODUCTS_DIR)/ScreenFree.app/ScreenFree";
			};
			name = Release;
		};
		A15C15E522A1812600405E44 /* Debug */ = {
			isa = XCBuildConfiguration;
			baseConfigurationReference = 101C9846F2F00A4AA9F9BD8C /* Pods-ScreenFreeUITests.debug.xcconfig */;
			buildSettings = {
				ALWAYS_EMBED_SWIFT_STANDARD_LIBRARIES = YES;
				CODE_SIGN_STYLE = Automatic;
				DEVELOPMENT_TEAM = RYD88K876U;
				INFOPLIST_FILE = ScreenFreeUITests/Info.plist;
				LD_RUNPATH_SEARCH_PATHS = (
					"$(inherited)",
					"@executable_path/Frameworks",
					"@loader_path/Frameworks",
				);
				PRODUCT_BUNDLE_IDENTIFIER = TrickStewart.ScreenFreeUITests;
				PRODUCT_NAME = "$(TARGET_NAME)";
				SWIFT_VERSION = 5.0;
				TARGETED_DEVICE_FAMILY = "1,2";
				TEST_TARGET_NAME = ScreenFree;
			};
			name = Debug;
		};
		A15C15E622A1812600405E44 /* Release */ = {
			isa = XCBuildConfiguration;
			baseConfigurationReference = F61E5B0EF20F4A837420F5B5 /* Pods-ScreenFreeUITests.release.xcconfig */;
			buildSettings = {
				ALWAYS_EMBED_SWIFT_STANDARD_LIBRARIES = YES;
				CODE_SIGN_STYLE = Automatic;
				DEVELOPMENT_TEAM = RYD88K876U;
				INFOPLIST_FILE = ScreenFreeUITests/Info.plist;
				LD_RUNPATH_SEARCH_PATHS = (
					"$(inherited)",
					"@executable_path/Frameworks",
					"@loader_path/Frameworks",
				);
				PRODUCT_BUNDLE_IDENTIFIER = TrickStewart.ScreenFreeUITests;
				PRODUCT_NAME = "$(TARGET_NAME)";
				SWIFT_VERSION = 5.0;
				TARGETED_DEVICE_FAMILY = "1,2";
				TEST_TARGET_NAME = ScreenFree;
			};
			name = Release;
		};
/* End XCBuildConfiguration section */

/* Begin XCConfigurationList section */
		A124F76522AA9D9E00136705 /* Build configuration list for PBXNativeTarget "ContentBlocker" */ = {
			isa = XCConfigurationList;
			buildConfigurations = (
				A124F76322AA9D9E00136705 /* Debug */,
				A124F76422AA9D9E00136705 /* Release */,
			);
			defaultConfigurationIsVisible = 0;
			defaultConfigurationName = Release;
		};
		A15C15AF22A1812500405E44 /* Build configuration list for PBXProject "ScreenFree" */ = {
			isa = XCConfigurationList;
			buildConfigurations = (
				A15C15DC22A1812600405E44 /* Debug */,
				A15C15DD22A1812600405E44 /* Release */,
			);
			defaultConfigurationIsVisible = 0;
			defaultConfigurationName = Release;
		};
		A15C15DE22A1812600405E44 /* Build configuration list for PBXNativeTarget "ScreenFree" */ = {
			isa = XCConfigurationList;
			buildConfigurations = (
				A15C15DF22A1812600405E44 /* Debug */,
				A15C15E022A1812600405E44 /* Release */,
			);
			defaultConfigurationIsVisible = 0;
			defaultConfigurationName = Release;
		};
		A15C15E122A1812600405E44 /* Build configuration list for PBXNativeTarget "ScreenFreeTests" */ = {
			isa = XCConfigurationList;
			buildConfigurations = (
				A15C15E222A1812600405E44 /* Debug */,
				A15C15E322A1812600405E44 /* Release */,
			);
			defaultConfigurationIsVisible = 0;
			defaultConfigurationName = Release;
		};
		A15C15E422A1812600405E44 /* Build configuration list for PBXNativeTarget "ScreenFreeUITests" */ = {
			isa = XCConfigurationList;
			buildConfigurations = (
				A15C15E522A1812600405E44 /* Debug */,
				A15C15E622A1812600405E44 /* Release */,
			);
			defaultConfigurationIsVisible = 0;
			defaultConfigurationName = Release;
		};
/* End XCConfigurationList section */
	};
	rootObject = A15C15AC22A1812500405E44 /* Project object */;
}
